// !$*UTF8*$!
{
	archiveVersion = 1;
	classes = {
	};
	objectVersion = 46;
	objects = {

/* Begin PBXBuildFile section */
		3442B261181B15F10028EFF2 /* Foundation.framework in Frameworks */ = {isa = PBXBuildFile; fileRef = 3442B260181B15F10028EFF2 /* Foundation.framework */; };
		3442B263181B15F10028EFF2 /* CoreGraphics.framework in Frameworks */ = {isa = PBXBuildFile; fileRef = 3442B262181B15F10028EFF2 /* CoreGraphics.framework */; };
		3442B265181B15F10028EFF2 /* UIKit.framework in Frameworks */ = {isa = PBXBuildFile; fileRef = 3442B264181B15F10028EFF2 /* UIKit.framework */; };
		3442B26B181B15F10028EFF2 /* InfoPlist.strings in Resources */ = {isa = PBXBuildFile; fileRef = 3442B269181B15F10028EFF2 /* InfoPlist.strings */; };
		3442B26D181B15F10028EFF2 /* main.m in Sources */ = {isa = PBXBuildFile; fileRef = 3442B26C181B15F10028EFF2 /* main.m */; };
		3442B271181B15F10028EFF2 /* UKAppDelegate.m in Sources */ = {isa = PBXBuildFile; fileRef = 3442B270181B15F10028EFF2 /* UKAppDelegate.m */; };
		3442B274181B15F10028EFF2 /* Main_iPhone.storyboard in Resources */ = {isa = PBXBuildFile; fileRef = 3442B272181B15F10028EFF2 /* Main_iPhone.storyboard */; };
		3442B27A181B15F10028EFF2 /* UKMasterViewController.m in Sources */ = {isa = PBXBuildFile; fileRef = 3442B279181B15F10028EFF2 /* UKMasterViewController.m */; };
		3442B27F181B15F10028EFF2 /* Images.xcassets in Resources */ = {isa = PBXBuildFile; fileRef = 3442B27E181B15F10028EFF2 /* Images.xcassets */; };
		3442B286181B15F20028EFF2 /* XCTest.framework in Frameworks */ = {isa = PBXBuildFile; fileRef = 3442B285181B15F20028EFF2 /* XCTest.framework */; };
		3442B287181B15F20028EFF2 /* Foundation.framework in Frameworks */ = {isa = PBXBuildFile; fileRef = 3442B260181B15F10028EFF2 /* Foundation.framework */; };
		3442B288181B15F20028EFF2 /* UIKit.framework in Frameworks */ = {isa = PBXBuildFile; fileRef = 3442B264181B15F10028EFF2 /* UIKit.framework */; };
		3442B290181B15F20028EFF2 /* InfoPlist.strings in Resources */ = {isa = PBXBuildFile; fileRef = 3442B28E181B15F20028EFF2 /* InfoPlist.strings */; };
		3442B292181B15F20028EFF2 /* KitDynamicsTests.m in Sources */ = {isa = PBXBuildFile; fileRef = 3442B291181B15F20028EFF2 /* KitDynamicsTests.m */; };
		3442B29D181B1A220028EFF2 /* UKDynamicsBaseViewController.m in Sources */ = {isa = PBXBuildFile; fileRef = 3442B29C181B1A220028EFF2 /* UKDynamicsBaseViewController.m */; };
		3442B2A2181B1AC50028EFF2 /* UKGravityViewController.m in Sources */ = {isa = PBXBuildFile; fileRef = 3442B2A1181B1AC50028EFF2 /* UKGravityViewController.m */; };
		3442B2AB181B1B4E0028EFF2 /* UKGravityWithCollisionViewController.m in Sources */ = {isa = PBXBuildFile; fileRef = 3442B2AA181B1B4E0028EFF2 /* UKGravityWithCollisionViewController.m */; };
		3442B2AF181B1B950028EFF2 /* UKGravityWithCollisionAndPropertiesViewController.m in Sources */ = {isa = PBXBuildFile; fileRef = 3442B2AE181B1B950028EFF2 /* UKGravityWithCollisionAndPropertiesViewController.m */; };
		3442B2B3181B1C4F0028EFF2 /* UKAttachmentToPointViewController.m in Sources */ = {isa = PBXBuildFile; fileRef = 3442B2B2181B1C4F0028EFF2 /* UKAttachmentToPointViewController.m */; };
		3442B2BB181B1D100028EFF2 /* UKSnapViewController.m in Sources */ = {isa = PBXBuildFile; fileRef = 3442B2BA181B1D100028EFF2 /* UKSnapViewController.m */; };
		3442B2BE181B1D490028EFF2 /* UKPushViewController.m in Sources */ = {isa = PBXBuildFile; fileRef = 3442B2BD181B1D490028EFF2 /* UKPushViewController.m */; };
		3442B2C2181B39740028EFF2 /* UKCircleView.m in Sources */ = {isa = PBXBuildFile; fileRef = 3442B2C1181B39740028EFF2 /* UKCircleView.m */; };
/* End PBXBuildFile section */

/* Begin PBXContainerItemProxy section */
		3442B289181B15F20028EFF2 /* PBXContainerItemProxy */ = {
			isa = PBXContainerItemProxy;
			containerPortal = 3442B255181B15F10028EFF2 /* Project object */;
			proxyType = 1;
			remoteGlobalIDString = 3442B25C181B15F10028EFF2;
			remoteInfo = KitDynamics;
		};
/* End PBXContainerItemProxy section */

/* Begin PBXFileReference section */
		3442B25D181B15F10028EFF2 /* KitDynamics.app */ = {isa = PBXFileReference; explicitFileType = wrapper.application; includeInIndex = 0; path = KitDynamics.app; sourceTree = BUILT_PRODUCTS_DIR; };
		3442B260181B15F10028EFF2 /* Foundation.framework */ = {isa = PBXFileReference; lastKnownFileType = wrapper.framework; name = Foundation.framework; path = System/Library/Frameworks/Foundation.framework; sourceTree = SDKROOT; };
		3442B262181B15F10028EFF2 /* CoreGraphics.framework */ = {isa = PBXFileReference; lastKnownFileType = wrapper.framework; name = CoreGraphics.framework; path = System/Library/Frameworks/CoreGraphics.framework; sourceTree = SDKROOT; };
		3442B264181B15F10028EFF2 /* UIKit.framework */ = {isa = PBXFileReference; lastKnownFileType = wrapper.framework; name = UIKit.framework; path = System/Library/Frameworks/UIKit.framework; sourceTree = SDKROOT; };
		3442B268181B15F10028EFF2 /* KitDynamics-Info.plist */ = {isa = PBXFileReference; lastKnownFileType = text.plist.xml; path = "KitDynamics-Info.plist"; sourceTree = "<group>"; };
		3442B26A181B15F10028EFF2 /* en */ = {isa = PBXFileReference; lastKnownFileType = text.plist.strings; name = en; path = en.lproj/InfoPlist.strings; sourceTree = "<group>"; };
		3442B26C181B15F10028EFF2 /* main.m */ = {isa = PBXFileReference; lastKnownFileType = sourcecode.c.objc; path = main.m; sourceTree = "<group>"; };
		3442B26E181B15F10028EFF2 /* KitDynamics-Prefix.pch */ = {isa = PBXFileReference; lastKnownFileType = sourcecode.c.h; path = "KitDynamics-Prefix.pch"; sourceTree = "<group>"; };
		3442B26F181B15F10028EFF2 /* UKAppDelegate.h */ = {isa = PBXFileReference; lastKnownFileType = sourcecode.c.h; path = UKAppDelegate.h; sourceTree = "<group>"; };
		3442B270181B15F10028EFF2 /* UKAppDelegate.m */ = {isa = PBXFileReference; lastKnownFileType = sourcecode.c.objc; path = UKAppDelegate.m; sourceTree = "<group>"; };
		3442B273181B15F10028EFF2 /* Base */ = {isa = PBXFileReference; lastKnownFileType = file.storyboard; name = Base; path = Base.lproj/Main_iPhone.storyboard; sourceTree = "<group>"; };
		3442B278181B15F10028EFF2 /* UKMasterViewController.h */ = {isa = PBXFileReference; lastKnownFileType = sourcecode.c.h; path = UKMasterViewController.h; sourceTree = "<group>"; };
		3442B279181B15F10028EFF2 /* UKMasterViewController.m */ = {isa = PBXFileReference; lastKnownFileType = sourcecode.c.objc; path = UKMasterViewController.m; sourceTree = "<group>"; };
		3442B27E181B15F10028EFF2 /* Images.xcassets */ = {isa = PBXFileReference; lastKnownFileType = folder.assetcatalog; path = Images.xcassets; sourceTree = "<group>"; };
		3442B284181B15F20028EFF2 /* KitDynamicsTests.xctest */ = {isa = PBXFileReference; explicitFileType = wrapper.cfbundle; includeInIndex = 0; path = KitDynamicsTests.xctest; sourceTree = BUILT_PRODUCTS_DIR; };
		3442B285181B15F20028EFF2 /* XCTest.framework */ = {isa = PBXFileReference; lastKnownFileType = wrapper.framework; name = XCTest.framework; path = Library/Frameworks/XCTest.framework; sourceTree = DEVELOPER_DIR; };
		3442B28D181B15F20028EFF2 /* KitDynamicsTests-Info.plist */ = {isa = PBXFileReference; lastKnownFileType = text.plist.xml; path = "KitDynamicsTests-Info.plist"; sourceTree = "<group>"; };
		3442B28F181B15F20028EFF2 /* en */ = {isa = PBXFileReference; lastKnownFileType = text.plist.strings; name = en; path = en.lproj/InfoPlist.strings; sourceTree = "<group>"; };
		3442B291181B15F20028EFF2 /* KitDynamicsTests.m */ = {isa = PBXFileReference; lastKnownFileType = sourcecode.c.objc; path = KitDynamicsTests.m; sourceTree = "<group>"; };
		3442B29B181B1A220028EFF2 /* UKDynamicsBaseViewController.h */ = {isa = PBXFileReference; fileEncoding = 4; lastKnownFileType = sourcecode.c.h; path = UKDynamicsBaseViewController.h; sourceTree = "<group>"; };
		3442B29C181B1A220028EFF2 /* UKDynamicsBaseViewController.m */ = {isa = PBXFileReference; fileEncoding = 4; lastKnownFileType = sourcecode.c.objc; path = UKDynamicsBaseViewController.m; sourceTree = "<group>"; };
		3442B2A0181B1AC50028EFF2 /* UKGravityViewController.h */ = {isa = PBXFileReference; fileEncoding = 4; lastKnownFileType = sourcecode.c.h; path = UKGravityViewController.h; sourceTree = "<group>"; };
		3442B2A1181B1AC50028EFF2 /* UKGravityViewController.m */ = {isa = PBXFileReference; fileEncoding = 4; lastKnownFileType = sourcecode.c.objc; path = UKGravityViewController.m; sourceTree = "<group>"; };
		3442B2A9181B1B4E0028EFF2 /* UKGravityWithCollisionViewController.h */ = {isa = PBXFileReference; fileEncoding = 4; lastKnownFileType = sourcecode.c.h; path = UKGravityWithCollisionViewController.h; sourceTree = "<group>"; };
		3442B2AA181B1B4E0028EFF2 /* UKGravityWithCollisionViewController.m */ = {isa = PBXFileReference; fileEncoding = 4; lastKnownFileType = sourcecode.c.objc; path = UKGravityWithCollisionViewController.m; sourceTree = "<group>"; };
		3442B2AD181B1B950028EFF2 /* UKGravityWithCollisionAndPropertiesViewController.h */ = {isa = PBXFileReference; fileEncoding = 4; lastKnownFileType = sourcecode.c.h; path = UKGravityWithCollisionAndPropertiesViewController.h; sourceTree = "<group>"; };
		3442B2AE181B1B950028EFF2 /* UKGravityWithCollisionAndPropertiesViewController.m */ = {isa = PBXFileReference; fileEncoding = 4; lastKnownFileType = sourcecode.c.objc; path = UKGravityWithCollisionAndPropertiesViewController.m; sourceTree = "<group>"; };
		3442B2B1181B1C4F0028EFF2 /* UKAttachmentToPointViewController.h */ = {isa = PBXFileReference; fileEncoding = 4; lastKnownFileType = sourcecode.c.h; path = UKAttachmentToPointViewController.h; sourceTree = "<group>"; };
		3442B2B2181B1C4F0028EFF2 /* UKAttachmentToPointViewController.m */ = {isa = PBXFileReference; fileEncoding = 4; lastKnownFileType = sourcecode.c.objc; path = UKAttachmentToPointViewController.m; sourceTree = "<group>"; };
		3442B2B9181B1D100028EFF2 /* UKSnapViewController.h */ = {isa = PBXFileReference; fileEncoding = 4; lastKnownFileType = sourcecode.c.h; path = UKSnapViewController.h; sourceTree = "<group>"; };
		3442B2BA181B1D100028EFF2 /* UKSnapViewController.m */ = {isa = PBXFileReference; fileEncoding = 4; lastKnownFileType = sourcecode.c.objc; path = UKSnapViewController.m; sourceTree = "<group>"; };
		3442B2BC181B1D490028EFF2 /* UKPushViewController.h */ = {isa = PBXFileReference; fileEncoding = 4; lastKnownFileType = sourcecode.c.h; path = UKPushViewController.h; sourceTree = "<group>"; };
		3442B2BD181B1D490028EFF2 /* UKPushViewController.m */ = {isa = PBXFileReference; fileEncoding = 4; lastKnownFileType = sourcecode.c.objc; path = UKPushViewController.m; sourceTree = "<group>"; };
		3442B2C0181B39740028EFF2 /* UKCircleView.h */ = {isa = PBXFileReference; fileEncoding = 4; lastKnownFileType = sourcecode.c.h; path = UKCircleView.h; sourceTree = "<group>"; };
		3442B2C1181B39740028EFF2 /* UKCircleView.m */ = {isa = PBXFileReference; fileEncoding = 4; lastKnownFileType = sourcecode.c.objc; path = UKCircleView.m; sourceTree = "<group>"; };
/* End PBXFileReference section */

/* Begin PBXFrameworksBuildPhase section */
		3442B25A181B15F10028EFF2 /* Frameworks */ = {
			isa = PBXFrameworksBuildPhase;
			buildActionMask = 2147483647;
			files = (
				3442B263181B15F10028EFF2 /* CoreGraphics.framework in Frameworks */,
				3442B265181B15F10028EFF2 /* UIKit.framework in Frameworks */,
				3442B261181B15F10028EFF2 /* Foundation.framework in Frameworks */,
			);
			runOnlyForDeploymentPostprocessing = 0;
		};
		3442B281181B15F20028EFF2 /* Frameworks */ = {
			isa = PBXFrameworksBuildPhase;
			buildActionMask = 2147483647;
			files = (
				3442B286181B15F20028EFF2 /* XCTest.framework in Frameworks */,
				3442B288181B15F20028EFF2 /* UIKit.framework in Frameworks */,
				3442B287181B15F20028EFF2 /* Foundation.framework in Frameworks */,
			);
			runOnlyForDeploymentPostprocessing = 0;
		};
/* End PBXFrameworksBuildPhase section */

/* Begin PBXGroup section */
		3442B254181B15F10028EFF2 = {
			isa = PBXGroup;
			children = (
				3442B266181B15F10028EFF2 /* KitDynamics */,
				3442B28B181B15F20028EFF2 /* KitDynamicsTests */,
				3442B25F181B15F10028EFF2 /* Frameworks */,
				3442B25E181B15F10028EFF2 /* Products */,
			);
			sourceTree = "<group>";
		};
		3442B25E181B15F10028EFF2 /* Products */ = {
			isa = PBXGroup;
			children = (
				3442B25D181B15F10028EFF2 /* KitDynamics.app */,
				3442B284181B15F20028EFF2 /* KitDynamicsTests.xctest */,
			);
			name = Products;
			sourceTree = "<group>";
		};
		3442B25F181B15F10028EFF2 /* Frameworks */ = {
			isa = PBXGroup;
			children = (
				3442B260181B15F10028EFF2 /* Foundation.framework */,
				3442B262181B15F10028EFF2 /* CoreGraphics.framework */,
				3442B264181B15F10028EFF2 /* UIKit.framework */,
				3442B285181B15F20028EFF2 /* XCTest.framework */,
			);
			name = Frameworks;
			sourceTree = "<group>";
		};
		3442B266181B15F10028EFF2 /* KitDynamics */ = {
			isa = PBXGroup;
			children = (
				3442B29F181B1A5D0028EFF2 /* Other */,
				3442B29E181B1A520028EFF2 /* Przykłady */,
				3442B26F181B15F10028EFF2 /* UKAppDelegate.h */,
				3442B270181B15F10028EFF2 /* UKAppDelegate.m */,
				3442B272181B15F10028EFF2 /* Main_iPhone.storyboard */,
				3442B27E181B15F10028EFF2 /* Images.xcassets */,
				3442B267181B15F10028EFF2 /* Supporting Files */,
			);
			path = KitDynamics;
			sourceTree = "<group>";
		};
		3442B267181B15F10028EFF2 /* Supporting Files */ = {
			isa = PBXGroup;
			children = (
				3442B268181B15F10028EFF2 /* KitDynamics-Info.plist */,
				3442B269181B15F10028EFF2 /* InfoPlist.strings */,
				3442B26C181B15F10028EFF2 /* main.m */,
				3442B26E181B15F10028EFF2 /* KitDynamics-Prefix.pch */,
			);
			name = "Supporting Files";
			sourceTree = "<group>";
		};
		3442B28B181B15F20028EFF2 /* KitDynamicsTests */ = {
			isa = PBXGroup;
			children = (
				3442B291181B15F20028EFF2 /* KitDynamicsTests.m */,
				3442B28C181B15F20028EFF2 /* Supporting Files */,
			);
			path = KitDynamicsTests;
			sourceTree = "<group>";
		};
		3442B28C181B15F20028EFF2 /* Supporting Files */ = {
			isa = PBXGroup;
			children = (
				3442B28D181B15F20028EFF2 /* KitDynamicsTests-Info.plist */,
				3442B28E181B15F20028EFF2 /* InfoPlist.strings */,
			);
			name = "Supporting Files";
			sourceTree = "<group>";
		};
		3442B29E181B1A520028EFF2 /* Przykłady */ = {
			isa = PBXGroup;
			children = (
				3442B2BF181B1D4F0028EFF2 /* Popychanie */,
				3442B2B8181B1CEF0028EFF2 /* Przyciąganie do punktu */,
				3442B2B0181B1C1E0028EFF2 /* Łączenie widoków z punktem */,
				3442B2AC181B1B6F0028EFF2 /* Grawitacja + Kolizje + Dynamiczne własności */,
				3442B2A4181B1AEB0028EFF2 /* Grawitacja + Kolizje */,
				3442B2A3181B1AD50028EFF2 /* Grawitacja */,
			);
			name = "Przykłady";
			sourceTree = "<group>";
		};
		3442B29F181B1A5D0028EFF2 /* Other */ = {
			isa = PBXGroup;
			children = (
				3442B29B181B1A220028EFF2 /* UKDynamicsBaseViewController.h */,
				3442B29C181B1A220028EFF2 /* UKDynamicsBaseViewController.m */,
				3442B278181B15F10028EFF2 /* UKMasterViewController.h */,
				3442B279181B15F10028EFF2 /* UKMasterViewController.m */,
				3442B2C0181B39740028EFF2 /* UKCircleView.h */,
				3442B2C1181B39740028EFF2 /* UKCircleView.m */,
			);
			name = Other;
			sourceTree = "<group>";
		};
		3442B2A3181B1AD50028EFF2 /* Grawitacja */ = {
			isa = PBXGroup;
			children = (
				3442B2A0181B1AC50028EFF2 /* UKGravityViewController.h */,
				3442B2A1181B1AC50028EFF2 /* UKGravityViewController.m */,
			);
			name = Grawitacja;
			sourceTree = "<group>";
		};
		3442B2A4181B1AEB0028EFF2 /* Grawitacja + Kolizje */ = {
			isa = PBXGroup;
			children = (
				3442B2A9181B1B4E0028EFF2 /* UKGravityWithCollisionViewController.h */,
				3442B2AA181B1B4E0028EFF2 /* UKGravityWithCollisionViewController.m */,
			);
			name = "Grawitacja + Kolizje";
			sourceTree = "<group>";
		};
		3442B2AC181B1B6F0028EFF2 /* Grawitacja + Kolizje + Dynamiczne własności */ = {
			isa = PBXGroup;
			children = (
				3442B2AD181B1B950028EFF2 /* UKGravityWithCollisionAndPropertiesViewController.h */,
				3442B2AE181B1B950028EFF2 /* UKGravityWithCollisionAndPropertiesViewController.m */,
			);
			name = "Grawitacja + Kolizje + Dynamiczne własności";
			sourceTree = "<group>";
		};
		3442B2B0181B1C1E0028EFF2 /* Łączenie widoków z punktem */ = {
			isa = PBXGroup;
			children = (
				3442B2B1181B1C4F0028EFF2 /* UKAttachmentToPointViewController.h */,
				3442B2B2181B1C4F0028EFF2 /* UKAttachmentToPointViewController.m */,
			);
			name = "Łączenie widoków z punktem";
			sourceTree = "<group>";
		};
		3442B2B8181B1CEF0028EFF2 /* Przyciąganie do punktu */ = {
			isa = PBXGroup;
			children = (
				3442B2B9181B1D100028EFF2 /* UKSnapViewController.h */,
				3442B2BA181B1D100028EFF2 /* UKSnapViewController.m */,
			);
			name = "Przyciąganie do punktu";
			sourceTree = "<group>";
		};
		3442B2BF181B1D4F0028EFF2 /* Popychanie */ = {
			isa = PBXGroup;
			children = (
				3442B2BC181B1D490028EFF2 /* UKPushViewController.h */,
				3442B2BD181B1D490028EFF2 /* UKPushViewController.m */,
			);
			name = Popychanie;
			sourceTree = "<group>";
		};
/* End PBXGroup section */

/* Begin PBXNativeTarget section */
		3442B25C181B15F10028EFF2 /* KitDynamics */ = {
			isa = PBXNativeTarget;
			buildConfigurationList = 3442B295181B15F20028EFF2 /* Build configuration list for PBXNativeTarget "KitDynamics" */;
			buildPhases = (
				3442B259181B15F10028EFF2 /* Sources */,
				3442B25A181B15F10028EFF2 /* Frameworks */,
				3442B25B181B15F10028EFF2 /* Resources */,
			);
			buildRules = (
			);
			dependencies = (
			);
			name = KitDynamics;
			productName = KitDynamics;
			productReference = 3442B25D181B15F10028EFF2 /* KitDynamics.app */;
			productType = "com.apple.product-type.application";
		};
		3442B283181B15F20028EFF2 /* KitDynamicsTests */ = {
			isa = PBXNativeTarget;
			buildConfigurationList = 3442B298181B15F20028EFF2 /* Build configuration list for PBXNativeTarget "KitDynamicsTests" */;
			buildPhases = (
				3442B280181B15F20028EFF2 /* Sources */,
				3442B281181B15F20028EFF2 /* Frameworks */,
				3442B282181B15F20028EFF2 /* Resources */,
			);
			buildRules = (
			);
			dependencies = (
				3442B28A181B15F20028EFF2 /* PBXTargetDependency */,
			);
			name = KitDynamicsTests;
			productName = KitDynamicsTests;
			productReference = 3442B284181B15F20028EFF2 /* KitDynamicsTests.xctest */;
			productType = "com.apple.product-type.bundle.unit-test";
		};
/* End PBXNativeTarget section */

/* Begin PBXProject section */
		3442B255181B15F10028EFF2 /* Project object */ = {
			isa = PBXProject;
			attributes = {
				CLASSPREFIX = UK;
				LastUpgradeCheck = 0500;
				ORGANIZATIONNAME = "Maciej Banasiewicz";
				TargetAttributes = {
					3442B283181B15F20028EFF2 = {
						TestTargetID = 3442B25C181B15F10028EFF2;
					};
				};
			};
			buildConfigurationList = 3442B258181B15F10028EFF2 /* Build configuration list for PBXProject "KitDynamics" */;
			compatibilityVersion = "Xcode 3.2";
			developmentRegion = English;
			hasScannedForEncodings = 0;
			knownRegions = (
				en,
				Base,
			);
			mainGroup = 3442B254181B15F10028EFF2;
			productRefGroup = 3442B25E181B15F10028EFF2 /* Products */;
			projectDirPath = "";
			projectRoot = "";
			targets = (
				3442B25C181B15F10028EFF2 /* KitDynamics */,
				3442B283181B15F20028EFF2 /* KitDynamicsTests */,
			);
		};
/* End PBXProject section */

/* Begin PBXResourcesBuildPhase section */
		3442B25B181B15F10028EFF2 /* Resources */ = {
			isa = PBXResourcesBuildPhase;
			buildActionMask = 2147483647;
			files = (
				3442B27F181B15F10028EFF2 /* Images.xcassets in Resources */,
				3442B274181B15F10028EFF2 /* Main_iPhone.storyboard in Resources */,
				3442B26B181B15F10028EFF2 /* InfoPlist.strings in Resources */,
			);
			runOnlyForDeploymentPostprocessing = 0;
		};
		3442B282181B15F20028EFF2 /* Resources */ = {
			isa = PBXResourcesBuildPhase;
			buildActionMask = 2147483647;
			files = (
				3442B290181B15F20028EFF2 /* InfoPlist.strings in Resources */,
			);
			runOnlyForDeploymentPostprocessing = 0;
		};
/* End PBXResourcesBuildPhase section */

/* Begin PBXSourcesBuildPhase section */
		3442B259181B15F10028EFF2 /* Sources */ = {
			isa = PBXSourcesBuildPhase;
			buildActionMask = 2147483647;
			files = (
				3442B2BE181B1D490028EFF2 /* UKPushViewController.m in Sources */,
				3442B271181B15F10028EFF2 /* UKAppDelegate.m in Sources */,
				3442B2C2181B39740028EFF2 /* UKCircleView.m in Sources */,
				3442B29D181B1A220028EFF2 /* UKDynamicsBaseViewController.m in Sources */,
				3442B2AF181B1B950028EFF2 /* UKGravityWithCollisionAndPropertiesViewController.m in Sources */,
				3442B2A2181B1AC50028EFF2 /* UKGravityViewController.m in Sources */,
				3442B27A181B15F10028EFF2 /* UKMasterViewController.m in Sources */,
				3442B26D181B15F10028EFF2 /* main.m in Sources */,
				3442B2AB181B1B4E0028EFF2 /* UKGravityWithCollisionViewController.m in Sources */,
				3442B2BB181B1D100028EFF2 /* UKSnapViewController.m in Sources */,
				3442B2B3181B1C4F0028EFF2 /* UKAttachmentToPointViewController.m in Sources */,
			);
			runOnlyForDeploymentPostprocessing = 0;
		};
		3442B280181B15F20028EFF2 /* Sources */ = {
			isa = PBXSourcesBuildPhase;
			buildActionMask = 2147483647;
			files = (
				3442B292181B15F20028EFF2 /* KitDynamicsTests.m in Sources */,
			);
			runOnlyForDeploymentPostprocessing = 0;
		};
/* End PBXSourcesBuildPhase section */

/* Begin PBXTargetDependency section */
		3442B28A181B15F20028EFF2 /* PBXTargetDependency */ = {
			isa = PBXTargetDependency;
			target = 3442B25C181B15F10028EFF2 /* KitDynamics */;
			targetProxy = 3442B289181B15F20028EFF2 /* PBXContainerItemProxy */;
		};
/* End PBXTargetDependency section */

/* Begin PBXVariantGroup section */
		3442B269181B15F10028EFF2 /* InfoPlist.strings */ = {
			isa = PBXVariantGroup;
			children = (
				3442B26A181B15F10028EFF2 /* en */,
			);
			name = InfoPlist.strings;
			sourceTree = "<group>";
		};
		3442B272181B15F10028EFF2 /* Main_iPhone.storyboard */ = {
			isa = PBXVariantGroup;
			children = (
				3442B273181B15F10028EFF2 /* Base */,
			);
			name = Main_iPhone.storyboard;
			sourceTree = "<group>";
		};
		3442B28E181B15F20028EFF2 /* InfoPlist.strings */ = {
			isa = PBXVariantGroup;
			children = (
				3442B28F181B15F20028EFF2 /* en */,
			);
			name = InfoPlist.strings;
			sourceTree = "<group>";
		};
/* End PBXVariantGroup section */

/* Begin XCBuildConfiguration section */
		3442B293181B15F20028EFF2 /* Debug */ = {
			isa = XCBuildConfiguration;
			buildSettings = {
				ALWAYS_SEARCH_USER_PATHS = NO;
				ARCHS = "$(ARCHS_STANDARD_INCLUDING_64_BIT)";
				CLANG_CXX_LANGUAGE_STANDARD = "gnu++0x";
				CLANG_CXX_LIBRARY = "libc++";
				CLANG_ENABLE_MODULES = YES;
				CLANG_ENABLE_OBJC_ARC = YES;
				CLANG_WARN_BOOL_CONVERSION = YES;
				CLANG_WARN_CONSTANT_CONVERSION = YES;
				CLANG_WARN_DIRECT_OBJC_ISA_USAGE = YES_ERROR;
				CLANG_WARN_EMPTY_BODY = YES;
				CLANG_WARN_ENUM_CONVERSION = YES;
				CLANG_WARN_INT_CONVERSION = YES;
				CLANG_WARN_OBJC_ROOT_CLASS = YES_ERROR;
				CLANG_WARN__DUPLICATE_METHOD_MATCH = YES;
				"CODE_SIGN_IDENTITY[sdk=iphoneos*]" = "iPhone Developer";
				COPY_PHASE_STRIP = NO;
				GCC_C_LANGUAGE_STANDARD = gnu99;
				GCC_DYNAMIC_NO_PIC = NO;
				GCC_OPTIMIZATION_LEVEL = 0;
				GCC_PREPROCESSOR_DEFINITIONS = (
					"DEBUG=1",
					"$(inherited)",
				);
				GCC_SYMBOLS_PRIVATE_EXTERN = NO;
				GCC_WARN_64_TO_32_BIT_CONVERSION = YES;
				GCC_WARN_ABOUT_RETURN_TYPE = YES_ERROR;
				GCC_WARN_UNDECLARED_SELECTOR = YES;
				GCC_WARN_UNINITIALIZED_AUTOS = YES;
				GCC_WARN_UNUSED_FUNCTION = YES;
				GCC_WARN_UNUSED_VARIABLE = YES;
				IPHONEOS_DEPLOYMENT_TARGET = 7.0;
				ONLY_ACTIVE_ARCH = YES;
				SDKROOT = iphoneos;
				TARGETED_DEVICE_FAMILY = "1,2";
			};
			name = Debug;
		};
		3442B294181B15F20028EFF2 /* Release */ = {
			isa = XCBuildConfiguration;
			buildSettings = {
				ALWAYS_SEARCH_USER_PATHS = NO;
				ARCHS = "$(ARCHS_STANDARD_INCLUDING_64_BIT)";
				CLANG_CXX_LANGUAGE_STANDARD = "gnu++0x";
				CLANG_CXX_LIBRARY = "libc++";
				CLANG_ENABLE_MODULES = YES;
				CLANG_ENABLE_OBJC_ARC = YES;
				CLANG_WARN_BOOL_CONVERSION = YES;
				CLANG_WARN_CONSTANT_CONVERSION = YES;
				CLANG_WARN_DIRECT_OBJC_ISA_USAGE = YES_ERROR;
				CLANG_WARN_EMPTY_BODY = YES;
				CLANG_WARN_ENUM_CONVERSION = YES;
				CLANG_WARN_INT_CONVERSION = YES;
				CLANG_WARN_OBJC_ROOT_CLASS = YES_ERROR;
				CLANG_WARN__DUPLICATE_METHOD_MATCH = YES;
				"CODE_SIGN_IDENTITY[sdk=iphoneos*]" = "iPhone Developer";
				COPY_PHASE_STRIP = YES;
				ENABLE_NS_ASSERTIONS = NO;
				GCC_C_LANGUAGE_STANDARD = gnu99;
				GCC_WARN_64_TO_32_BIT_CONVERSION = YES;
				GCC_WARN_ABOUT_RETURN_TYPE = YES_ERROR;
				GCC_WARN_UNDECLARED_SELECTOR = YES;
				GCC_WARN_UNINITIALIZED_AUTOS = YES;
				GCC_WARN_UNUSED_FUNCTION = YES;
				GCC_WARN_UNUSED_VARIABLE = YES;
				IPHONEOS_DEPLOYMENT_TARGET = 7.0;
				SDKROOT = iphoneos;
				TARGETED_DEVICE_FAMILY = "1,2";
				VALIDATE_PRODUCT = YES;
			};
			name = Release;
		};
		3442B296181B15F20028EFF2 /* Debug */ = {
			isa = XCBuildConfiguration;
			buildSettings = {
				ASSETCATALOG_COMPILER_APPICON_NAME = AppIcon;
				ASSETCATALOG_COMPILER_LAUNCHIMAGE_NAME = LaunchImage;
				"CODE_SIGN_IDENTITY[sdk=iphoneos*]" = "";
				GCC_PRECOMPILE_PREFIX_HEADER = YES;
				GCC_PREFIX_HEADER = "KitDynamics/KitDynamics-Prefix.pch";
				INFOPLIST_FILE = "KitDynamics/KitDynamics-Info.plist";
				PRODUCT_NAME = "$(TARGET_NAME)";
				WRAPPER_EXTENSION = app;
			};
			name = Debug;
		};
		3442B297181B15F20028EFF2 /* Release */ = {
			isa = XCBuildConfiguration;
			buildSettings = {
				ASSETCATALOG_COMPILER_APPICON_NAME = AppIcon;
				ASSETCATALOG_COMPILER_LAUNCHIMAGE_NAME = LaunchImage;
				"CODE_SIGN_IDENTITY[sdk=iphoneos*]" = "";
				GCC_PRECOMPILE_PREFIX_HEADER = YES;
				GCC_PREFIX_HEADER = "KitDynamics/KitDynamics-Prefix.pch";
				INFOPLIST_FILE = "KitDynamics/KitDynamics-Info.plist";
				PRODUCT_NAME = "$(TARGET_NAME)";
				WRAPPER_EXTENSION = app;
			};
			name = Release;
		};
		3442B299181B15F20028EFF2 /* Debug */ = {
			isa = XCBuildConfiguration;
			buildSettings = {
				ARCHS = "$(ARCHS_STANDARD_INCLUDING_64_BIT)";
				BUNDLE_LOADER = "$(BUILT_PRODUCTS_DIR)/KitDynamics.app/KitDynamics";
				FRAMEWORK_SEARCH_PATHS = (
					"$(SDKROOT)/Developer/Library/Frameworks",
					"$(inherited)",
					"$(DEVELOPER_FRAMEWORKS_DIR)",
				);
				GCC_PRECOMPILE_PREFIX_HEADER = YES;
				GCC_PREFIX_HEADER = "KitDynamics/KitDynamics-Prefix.pch";
				GCC_PREPROCESSOR_DEFINITIONS = (
					"DEBUG=1",
					"$(inherited)",
				);
				INFOPLIST_FILE = "KitDynamicsTests/KitDynamicsTests-Info.plist";
				PRODUCT_NAME = "$(TARGET_NAME)";
				TEST_HOST = "$(BUNDLE_LOADER)";
				WRAPPER_EXTENSION = xctest;
			};
			name = Debug;
		};
		3442B29A181B15F20028EFF2 /* Release */ = {
			isa = XCBuildConfiguration;
			buildSettings = {
				ARCHS = "$(ARCHS_STANDARD_INCLUDING_64_BIT)";
				BUNDLE_LOADER = "$(BUILT_PRODUCTS_DIR)/KitDynamics.app/KitDynamics";
				FRAMEWORK_SEARCH_PATHS = (
					"$(SDKROOT)/Developer/Library/Frameworks",
					"$(inherited)",
					"$(DEVELOPER_FRAMEWORKS_DIR)",
				);
				GCC_PRECOMPILE_PREFIX_HEADER = YES;
				GCC_PREFIX_HEADER = "KitDynamics/KitDynamics-Prefix.pch";
				INFOPLIST_FILE = "KitDynamicsTests/KitDynamicsTests-Info.plist";
				PRODUCT_NAME = "$(TARGET_NAME)";
				TEST_HOST = "$(BUNDLE_LOADER)";
				WRAPPER_EXTENSION = xctest;
			};
			name = Release;
		};
/* End XCBuildConfiguration section */

/* Begin XCConfigurationList section */
		3442B258181B15F10028EFF2 /* Build configuration list for PBXProject "KitDynamics" */ = {
			isa = XCConfigurationList;
			buildConfigurations = (
				3442B293181B15F20028EFF2 /* Debug */,
				3442B294181B15F20028EFF2 /* Release */,
			);
			defaultConfigurationIsVisible = 0;
			defaultConfigurationName = Release;
		};
		3442B295181B15F20028EFF2 /* Build configuration list for PBXNativeTarget "KitDynamics" */ = {
			isa = XCConfigurationList;
			buildConfigurations = (
				3442B296181B15F20028EFF2 /* Debug */,
				3442B297181B15F20028EFF2 /* Release */,
			);
			defaultConfigurationIsVisible = 0;
		};
		3442B298181B15F20028EFF2 /* Build configuration list for PBXNativeTarget "KitDynamicsTests" */ = {
			isa = XCConfigurationList;
			buildConfigurations = (
				3442B299181B15F20028EFF2 /* Debug */,
				3442B29A181B15F20028EFF2 /* Release */,
			);
			defaultConfigurationIsVisible = 0;
		};
/* End XCConfigurationList section */
	};
	rootObject = 3442B255181B15F10028EFF2 /* Project object */;
}
